
Microsoft Visual Studio Solution File, Format Version 12.00
# Visual Studio Version 17
VisualStudioVersion = 17.11.35327.3
MinimumVisualStudioVersion = 10.0.40219.1
Project("{FAE04EC0-301F-11D3-BF4B-00C04F79EFBC}") = "QUSolution", "QUSolution\QUSolution.csproj", "{3A2AE4DA-D174-413C-8F00-C0539EB8F662}"
EndProject
Project("{FAE04EC0-301F-11D3-BF4B-00C04F79EFBC}") = "QUSolution.test", "QUSolution.test\QUSolution.test.csproj", "{FBEC439E-AD4F-4F09-ACAB-F79D9C857CF1}"
EndProject
Global
	GlobalSection(SolutionConfigurationPlatforms) = preSolution
		Debug|Any CPU = Debug|Any CPU
		Release|Any CPU = Release|Any CPU
	EndGlobalSection
	GlobalSection(ProjectConfigurationPlatforms) = postSolution
		{3A2AE4DA-D174-413C-8F00-C0539EB8F662}.Debug|Any CPU.ActiveCfg = Debug|Any CPU
		{3A2AE4DA-D174-413C-8F00-C0539EB8F662}.Debug|Any CPU.Build.0 = Debug|Any CPU
		{3A2AE4DA-D174-413C-8F00-C0539EB8F662}.Release|Any CPU.ActiveCfg = Release|Any CPU
		{3A2AE4DA-D174-413C-8F00-C0539EB8F662}.Release|Any CPU.Build.0 = Release|Any CPU
		{FBEC439E-AD4F-4F09-ACAB-F79D9C857CF1}.Debug|Any CPU.ActiveCfg = Debug|Any CPU
		{FBEC439E-AD4F-4F09-ACAB-F79D9C857CF1}.Debug|Any CPU.Build.0 = Debug|Any CPU
		{FBEC439E-AD4F-4F09-ACAB-F79D9C857CF1}.Release|Any CPU.ActiveCfg = Release|Any CPU
		{FBEC439E-AD4F-4F09-ACAB-F79D9C857CF1}.Release|Any CPU.Build.0 = Release|Any CPU
	EndGlobalSection
	GlobalSection(SolutionProperties) = preSolution
		HideSolutionNode = FALSE
	EndGlobalSection
	GlobalSection(ExtensibilityGlobals) = postSolution
		SolutionGuid = {DA33E6F3-82BC-45CA-86DF-33798FD07BF9}
	EndGlobalSection
EndGlobal
